
Microsoft Visual Studio Solution File, Format Version 12.00
# Visual Studio 14
VisualStudioVersion = 14.0.24720.0
MinimumVisualStudioVersion = 10.0.40219.1
Project("{8BC9CEB8-8B4A-11D0-8D11-00A0C91BC942}") = "npi_server2", "npi_server2.vcxproj", "{FD0DDDAF-FE6F-4BC7-8F01-AEB4DB5FF34C}"
EndProject
Project("{8BC9CEB8-8B4A-11D0-8D11-00A0C91BC942}") = "common", "..\..\components\common\common.vcxproj", "{5E42A9B5-26EF-4263-AE92-3DC05FD2ABAF}"
EndProject
Project("{8BC9CEB8-8B4A-11D0-8D11-00A0C91BC942}") = "api", "..\..\components\api\api.vcxproj", "{688CEF29-C3FD-41E2-9D54-4524987C59BC}"
EndProject
Global
	GlobalSection(SolutionConfigurationPlatforms) = preSolution
		Debug|x64 = Debug|x64
		Debug|x86 = Debug|x86
		Release|x64 = Release|x64
		Release|x86 = Release|x86
	EndGlobalSection
	GlobalSection(ProjectConfigurationPlatforms) = postSolution
		{FD0DDDAF-FE6F-4BC7-8F01-AEB4DB5FF34C}.Debug|x64.ActiveCfg = Debug|x64
		{FD0DDDAF-FE6F-4BC7-8F01-AEB4DB5FF34C}.Debug|x64.Build.0 = Debug|x64
		{FD0DDDAF-FE6F-4BC7-8F01-AEB4DB5FF34C}.Debug|x86.ActiveCfg = Debug|Win32
		{FD0DDDAF-FE6F-4BC7-8F01-AEB4DB5FF34C}.Debug|x86.Build.0 = Debug|Win32
		{FD0DDDAF-FE6F-4BC7-8F01-AEB4DB5FF34C}.Release|x64.ActiveCfg = Release|x64
		{FD0DDDAF-FE6F-4BC7-8F01-AEB4DB5FF34C}.Release|x64.Build.0 = Release|x64
		{FD0DDDAF-FE6F-4BC7-8F01-AEB4DB5FF34C}.Release|x86.ActiveCfg = Release|Win32
		{FD0DDDAF-FE6F-4BC7-8F01-AEB4DB5FF34C}.Release|x86.Build.0 = Release|Win32
		{5E42A9B5-26EF-4263-AE92-3DC05FD2ABAF}.Debug|x64.ActiveCfg = Debug|x64
		{5E42A9B5-26EF-4263-AE92-3DC05FD2ABAF}.Debug|x64.Build.0 = Debug|x64
		{5E42A9B5-26EF-4263-AE92-3DC05FD2ABAF}.Debug|x86.ActiveCfg = Debug|Win32
		{5E42A9B5-26EF-4263-AE92-3DC05FD2ABAF}.Debug|x86.Build.0 = Debug|Win32
		{5E42A9B5-26EF-4263-AE92-3DC05FD2ABAF}.Release|x64.ActiveCfg = Release|x64
		{5E42A9B5-26EF-4263-AE92-3DC05FD2ABAF}.Release|x64.Build.0 = Release|x64
		{5E42A9B5-26EF-4263-AE92-3DC05FD2ABAF}.Release|x86.ActiveCfg = Release|Win32
		{5E42A9B5-26EF-4263-AE92-3DC05FD2ABAF}.Release|x86.Build.0 = Release|Win32
		{688CEF29-C3FD-41E2-9D54-4524987C59BC}.Debug|x64.ActiveCfg = Debug|x64
		{688CEF29-C3FD-41E2-9D54-4524987C59BC}.Debug|x64.Build.0 = Debug|x64
		{688CEF29-C3FD-41E2-9D54-4524987C59BC}.Debug|x86.ActiveCfg = Debug|Win32
		{688CEF29-C3FD-41E2-9D54-4524987C59BC}.Debug|x86.Build.0 = Debug|Win32
		{688CEF29-C3FD-41E2-9D54-4524987C59BC}.Release|x64.ActiveCfg = Release|x64
		{688CEF29-C3FD-41E2-9D54-4524987C59BC}.Release|x64.Build.0 = Release|x64
		{688CEF29-C3FD-41E2-9D54-4524987C59BC}.Release|x86.ActiveCfg = Release|Win32
		{688CEF29-C3FD-41E2-9D54-4524987C59BC}.Release|x86.Build.0 = Release|Win32
	EndGlobalSection
	GlobalSection(SolutionProperties) = preSolution
		HideSolutionNode = FALSE
	EndGlobalSection
EndGlobal
